
Microsoft Visual Studio Solution File, Format Version 12.00
# Visual Studio Version 16
VisualStudioVersion = 16.0.31624.102
MinimumVisualStudioVersion = 10.0.40219.1
Project("{FAE04EC0-301F-11D3-BF4B-00C04F79EFBC}") = "Journal_Opgave", "Journal_Opgave.csproj", "{23C7DAC2-45D3-40E7-BC95-C2DF6BDF23E8}"
EndProject
Global
	GlobalSection(SolutionConfigurationPlatforms) = preSolution
		Debug|Any CPU = Debug|Any CPU
		Release|Any CPU = Release|Any CPU
	EndGlobalSection
	GlobalSection(ProjectConfigurationPlatforms) = postSolution
		{23C7DAC2-45D3-40E7-BC95-C2DF6BDF23E8}.Debug|Any CPU.ActiveCfg = Debug|Any CPU
		{23C7DAC2-45D3-40E7-BC95-C2DF6BDF23E8}.Debug|Any CPU.Build.0 = Debug|Any CPU
		{23C7DAC2-45D3-40E7-BC95-C2DF6BDF23E8}.Release|Any CPU.ActiveCfg = Release|Any CPU
		{23C7DAC2-45D3-40E7-BC95-C2DF6BDF23E8}.Release|Any CPU.Build.0 = Release|Any CPU
	EndGlobalSection
	GlobalSection(SolutionProperties) = preSolution
		HideSolutionNode = FALSE
	EndGlobalSection
	GlobalSection(ExtensibilityGlobals) = postSolution
		SolutionGuid = {1DE9C806-2D24-45F6-911D-30D25B1D8A88}
	EndGlobalSection
EndGlobal
